
Microsoft Visual Studio Solution File, Format Version 12.00
# Visual Studio Version 16
VisualStudioVersion = 16.0.32413.511
MinimumVisualStudioVersion = 10.0.40219.1
Project("{9A19103F-16F7-4668-BE54-9A1E7A4F7556}") = "DataAccess", "DataAccess\DataAccess.csproj", "{E18934B3-EF7D-46FB-9402-D2335BC422E2}"
EndProject
Project("{9A19103F-16F7-4668-BE54-9A1E7A4F7556}") = "Business", "Business\Business.csproj", "{1E2F622D-6F48-42E4-A622-6FF22C67415D}"
EndProject
Project("{9A19103F-16F7-4668-BE54-9A1E7A4F7556}") = "Entities", "Entities\Entities.csproj", "{558C4097-670B-43CA-A678-1CBF1ADAB71F}"
EndProject
Project("{9A19103F-16F7-4668-BE54-9A1E7A4F7556}") = "ConsoleUI", "ConsoleUI\ConsoleUI.csproj", "{74C7F038-7320-4421-9CF6-838C311B1919}"
EndProject
Project("{9A19103F-16F7-4668-BE54-9A1E7A4F7556}") = "Core", "Core\Core.csproj", "{752F97ED-9A06-409E-AA53-C72BA60414C1}"
EndProject
Project("{FAE04EC0-301F-11D3-BF4B-00C04F79EFBC}") = "WebAPI", "WebAPI\WebAPI.csproj", "{7E727588-8F38-48EB-95FB-1ECF5D8D1F80}"
EndProject
Global
	GlobalSection(SolutionConfigurationPlatforms) = preSolution
		Debug|Any CPU = Debug|Any CPU
		Release|Any CPU = Release|Any CPU
	EndGlobalSection
	GlobalSection(ProjectConfigurationPlatforms) = postSolution
		{E18934B3-EF7D-46FB-9402-D2335BC422E2}.Debug|Any CPU.ActiveCfg = Debug|Any CPU
		{E18934B3-EF7D-46FB-9402-D2335BC422E2}.Debug|Any CPU.Build.0 = Debug|Any CPU
		{E18934B3-EF7D-46FB-9402-D2335BC422E2}.Release|Any CPU.ActiveCfg = Release|Any CPU
		{E18934B3-EF7D-46FB-9402-D2335BC422E2}.Release|Any CPU.Build.0 = Release|Any CPU
		{1E2F622D-6F48-42E4-A622-6FF22C67415D}.Debug|Any CPU.ActiveCfg = Debug|Any CPU
		{1E2F622D-6F48-42E4-A622-6FF22C67415D}.Debug|Any CPU.Build.0 = Debug|Any CPU
		{1E2F622D-6F48-42E4-A622-6FF22C67415D}.Release|Any CPU.ActiveCfg = Release|Any CPU
		{1E2F622D-6F48-42E4-A622-6FF22C67415D}.Release|Any CPU.Build.0 = Release|Any CPU
		{558C4097-670B-43CA-A678-1CBF1ADAB71F}.Debug|Any CPU.ActiveCfg = Debug|Any CPU
		{558C4097-670B-43CA-A678-1CBF1ADAB71F}.Debug|Any CPU.Build.0 = Debug|Any CPU
		{558C4097-670B-43CA-A678-1CBF1ADAB71F}.Release|Any CPU.ActiveCfg = Release|Any CPU
		{558C4097-670B-43CA-A678-1CBF1ADAB71F}.Release|Any CPU.Build.0 = Release|Any CPU
		{74C7F038-7320-4421-9CF6-838C311B1919}.Debug|Any CPU.ActiveCfg = Debug|Any CPU
		{74C7F038-7320-4421-9CF6-838C311B1919}.Debug|Any CPU.Build.0 = Debug|Any CPU
		{74C7F038-7320-4421-9CF6-838C311B1919}.Release|Any CPU.ActiveCfg = Release|Any CPU
		{74C7F038-7320-4421-9CF6-838C311B1919}.Release|Any CPU.Build.0 = Release|Any CPU
		{752F97ED-9A06-409E-AA53-C72BA60414C1}.Debug|Any CPU.ActiveCfg = Debug|Any CPU
		{752F97ED-9A06-409E-AA53-C72BA60414C1}.Debug|Any CPU.Build.0 = Debug|Any CPU
		{752F97ED-9A06-409E-AA53-C72BA60414C1}.Release|Any CPU.ActiveCfg = Release|Any CPU
		{752F97ED-9A06-409E-AA53-C72BA60414C1}.Release|Any CPU.Build.0 = Release|Any CPU
		{7E727588-8F38-48EB-95FB-1ECF5D8D1F80}.Debug|Any CPU.ActiveCfg = Debug|Any CPU
		{7E727588-8F38-48EB-95FB-1ECF5D8D1F80}.Debug|Any CPU.Build.0 = Debug|Any CPU
		{7E727588-8F38-48EB-95FB-1ECF5D8D1F80}.Release|Any CPU.ActiveCfg = Release|Any CPU
		{7E727588-8F38-48EB-95FB-1ECF5D8D1F80}.Release|Any CPU.Build.0 = Release|Any CPU
	EndGlobalSection
	GlobalSection(SolutionProperties) = preSolution
		HideSolutionNode = FALSE
	EndGlobalSection
	GlobalSection(ExtensibilityGlobals) = postSolution
		SolutionGuid = {FB559068-E169-4C04-B380-D8601EAFFF59}
	EndGlobalSection
EndGlobal
